
Microsoft Visual Studio Solution File, Format Version 12.00
# Visual Studio Version 17
VisualStudioVersion = 17.4.33103.184
MinimumVisualStudioVersion = 10.0.40219.1
Project("{9A19103F-16F7-4668-BE54-9A1E7A4F7556}") = "ProjectEuler", "ProjectEuler\ProjectEuler.csproj", "{CFE6A176-265C-48ED-A05A-026561F110A9}"
EndProject
Project("{9A19103F-16F7-4668-BE54-9A1E7A4F7556}") = "ProjectEuler.Core", "ProjectEuler.Core\ProjectEuler.Core.csproj", "{D4A19802-5353-4AEE-8A11-5FBA142F3E5F}"
EndProject
Project("{FAE04EC0-301F-11D3-BF4B-00C04F79EFBC}") = "ProjectEuler.Solution", "ProjectEuler.Solution\ProjectEuler.Solution.csproj", "{CB580B50-592A-4000-B2E1-7C8D33EE2D4C}"
EndProject
Global
	GlobalSection(SolutionConfigurationPlatforms) = preSolution
		Debug|Any CPU = Debug|Any CPU
		Release|Any CPU = Release|Any CPU
	EndGlobalSection
	GlobalSection(ProjectConfigurationPlatforms) = postSolution
		{CFE6A176-265C-48ED-A05A-026561F110A9}.Debug|Any CPU.ActiveCfg = Debug|Any CPU
		{CFE6A176-265C-48ED-A05A-026561F110A9}.Debug|Any CPU.Build.0 = Debug|Any CPU
		{CFE6A176-265C-48ED-A05A-026561F110A9}.Release|Any CPU.ActiveCfg = Release|Any CPU
		{CFE6A176-265C-48ED-A05A-026561F110A9}.Release|Any CPU.Build.0 = Release|Any CPU
		{D4A19802-5353-4AEE-8A11-5FBA142F3E5F}.Debug|Any CPU.ActiveCfg = Debug|Any CPU
		{D4A19802-5353-4AEE-8A11-5FBA142F3E5F}.Debug|Any CPU.Build.0 = Debug|Any CPU
		{D4A19802-5353-4AEE-8A11-5FBA142F3E5F}.Release|Any CPU.ActiveCfg = Release|Any CPU
		{D4A19802-5353-4AEE-8A11-5FBA142F3E5F}.Release|Any CPU.Build.0 = Release|Any CPU
		{CB580B50-592A-4000-B2E1-7C8D33EE2D4C}.Debug|Any CPU.ActiveCfg = Debug|Any CPU
		{CB580B50-592A-4000-B2E1-7C8D33EE2D4C}.Debug|Any CPU.Build.0 = Debug|Any CPU
		{CB580B50-592A-4000-B2E1-7C8D33EE2D4C}.Release|Any CPU.ActiveCfg = Release|Any CPU
		{CB580B50-592A-4000-B2E1-7C8D33EE2D4C}.Release|Any CPU.Build.0 = Release|Any CPU
	EndGlobalSection
	GlobalSection(SolutionProperties) = preSolution
		HideSolutionNode = FALSE
	EndGlobalSection
	GlobalSection(ExtensibilityGlobals) = postSolution
		SolutionGuid = {BDD60728-64A1-4A8D-A547-A6F5F855CD9B}
	EndGlobalSection
EndGlobal
